
Microsoft Visual Studio Solution File, Format Version 12.00
# Visual Studio Version 17
VisualStudioVersion = 17.4.33110.190
MinimumVisualStudioVersion = 10.0.40219.1
Project("{FAE04EC0-301F-11D3-BF4B-00C04F79EFBC}") = "KitchenDB_EFCore", "KitchenDB_EFCore.csproj", "{A4ADD9FB-BB1E-4E34-A2F1-255D3570E8FB}"
EndProject
Global
	GlobalSection(SolutionConfigurationPlatforms) = preSolution
		Debug|Any CPU = Debug|Any CPU
		Release|Any CPU = Release|Any CPU
	EndGlobalSection
	GlobalSection(ProjectConfigurationPlatforms) = postSolution
		{A4ADD9FB-BB1E-4E34-A2F1-255D3570E8FB}.Debug|Any CPU.ActiveCfg = Debug|Any CPU
		{A4ADD9FB-BB1E-4E34-A2F1-255D3570E8FB}.Debug|Any CPU.Build.0 = Debug|Any CPU
		{A4ADD9FB-BB1E-4E34-A2F1-255D3570E8FB}.Release|Any CPU.ActiveCfg = Release|Any CPU
		{A4ADD9FB-BB1E-4E34-A2F1-255D3570E8FB}.Release|Any CPU.Build.0 = Release|Any CPU
	EndGlobalSection
	GlobalSection(SolutionProperties) = preSolution
		HideSolutionNode = FALSE
	EndGlobalSection
	GlobalSection(ExtensibilityGlobals) = postSolution
		SolutionGuid = {7E8C9710-83E9-408D-8BEF-F8B6257D4E58}
	EndGlobalSection
EndGlobal
